
Microsoft Visual Studio Solution File, Format Version 12.00
# Visual Studio Version 17
VisualStudioVersion = 17.11.35312.102
MinimumVisualStudioVersion = 10.0.40219.1
Project("{9A19103F-16F7-4668-BE54-9A1E7A4F7556}") = "PNedov.IsiMarkets.EtlPipeline", "PNedov.IsiMarkets.EtlPipeline\PNedov.IsiMarkets.EtlPipeline.csproj", "{9BA7D8C3-01B4-4CFF-824E-FC1ABDB7D1AE}"
EndProject
Project("{9A19103F-16F7-4668-BE54-9A1E7A4F7556}") = "PNedov.IsiMarkets.EtlPipeline.UnitTests", "PNedov.IsiMarkets.EtlPipeline.UnitTests\PNedov.IsiMarkets.EtlPipeline.UnitTests.csproj", "{FA94EF4C-73BE-4BE4-9A10-48E9B5649A28}"
EndProject
Project("{9A19103F-16F7-4668-BE54-9A1E7A4F7556}") = "PNedov.IsiMarkets.EtlPipeline.FakeApi", "PNedov.IsiMarkets.EtlPipeline.FakeApi\PNedov.IsiMarkets.EtlPipeline.FakeApi.csproj", "{15C8C955-98E5-463C-A51C-D29B83C02A7D}"
EndProject
Global
	GlobalSection(SolutionConfigurationPlatforms) = preSolution
		Debug|Any CPU = Debug|Any CPU
		Release|Any CPU = Release|Any CPU
	EndGlobalSection
	GlobalSection(ProjectConfigurationPlatforms) = postSolution
		{9BA7D8C3-01B4-4CFF-824E-FC1ABDB7D1AE}.Debug|Any CPU.ActiveCfg = Debug|Any CPU
		{9BA7D8C3-01B4-4CFF-824E-FC1ABDB7D1AE}.Debug|Any CPU.Build.0 = Debug|Any CPU
		{9BA7D8C3-01B4-4CFF-824E-FC1ABDB7D1AE}.Release|Any CPU.ActiveCfg = Release|Any CPU
		{9BA7D8C3-01B4-4CFF-824E-FC1ABDB7D1AE}.Release|Any CPU.Build.0 = Release|Any CPU
		{FA94EF4C-73BE-4BE4-9A10-48E9B5649A28}.Debug|Any CPU.ActiveCfg = Debug|Any CPU
		{FA94EF4C-73BE-4BE4-9A10-48E9B5649A28}.Debug|Any CPU.Build.0 = Debug|Any CPU
		{FA94EF4C-73BE-4BE4-9A10-48E9B5649A28}.Release|Any CPU.ActiveCfg = Release|Any CPU
		{FA94EF4C-73BE-4BE4-9A10-48E9B5649A28}.Release|Any CPU.Build.0 = Release|Any CPU
		{15C8C955-98E5-463C-A51C-D29B83C02A7D}.Debug|Any CPU.ActiveCfg = Debug|Any CPU
		{15C8C955-98E5-463C-A51C-D29B83C02A7D}.Debug|Any CPU.Build.0 = Debug|Any CPU
		{15C8C955-98E5-463C-A51C-D29B83C02A7D}.Release|Any CPU.ActiveCfg = Release|Any CPU
		{15C8C955-98E5-463C-A51C-D29B83C02A7D}.Release|Any CPU.Build.0 = Release|Any CPU
	EndGlobalSection
	GlobalSection(SolutionProperties) = preSolution
		HideSolutionNode = FALSE
	EndGlobalSection
	GlobalSection(ExtensibilityGlobals) = postSolution
		SolutionGuid = {F916CCC9-F2CC-419E-99AB-BA01B9F1A865}
	EndGlobalSection
EndGlobal
